// !$*UTF8*$!
{
	archiveVersion = 1;
	classes = {
	};
	objectVersion = 77;
	objects = {

/* Begin PBXContainerItemProxy section */
		3952E4E92EE1D92F0098B9C9 /* PBXContainerItemProxy */ = {
			isa = PBXContainerItemProxy;
			containerPortal = 3952E4D32EE1D9240098B9C9 /* Project object */;
			proxyType = 1;
			remoteGlobalIDString = 3952E4DA2EE1D9240098B9C9;
			remoteInfo = "YuniQuintero-BitcoinTracker";
		};
		3952E4F32EE1D92F0098B9C9 /* PBXContainerItemProxy */ = {
			isa = PBXContainerItemProxy;
			containerPortal = 3952E4D32EE1D9240098B9C9 /* Project object */;
			proxyType = 1;
			remoteGlobalIDString = 3952E4DA2EE1D9240098B9C9;
			remoteInfo = "YuniQuintero-BitcoinTracker";
		};
/* End PBXContainerItemProxy section */

/* Begin PBXFileReference section */
		3952E4DB2EE1D9240098B9C9 /* YuniQuintero-BitcoinTracker.app */ = {isa = PBXFileReference; explicitFileType = wrapper.application; includeInIndex = 0; path = "YuniQuintero-BitcoinTracker.app"; sourceTree = BUILT_PRODUCTS_DIR; };
		3952E4E82EE1D92F0098B9C9 /* YuniQuintero-BitcoinTrackerTests.xctest */ = {isa = PBXFileReference; explicitFileType = wrapper.cfbundle; includeInIndex = 0; path = "YuniQuintero-BitcoinTrackerTests.xctest"; sourceTree = BUILT_PRODUCTS_DIR; };
		3952E4F22EE1D92F0098B9C9 /* YuniQuintero-BitcoinTrackerUITests.xctest */ = {isa = PBXFileReference; explicitFileType = wrapper.cfbundle; includeInIndex = 0; path = "YuniQuintero-BitcoinTrackerUITests.xctest"; sourceTree = BUILT_PRODUCTS_DIR; };
/* End PBXFileReference section */

/* Begin PBXFileSystemSynchronizedRootGroup section */
		3952E4DD2EE1D9240098B9C9 /* YuniQuintero-BitcoinTracker */ = {
			isa = PBXFileSystemSynchronizedRootGroup;
			path = "YuniQuintero-BitcoinTracker";
			sourceTree = "<group>";
		};
		3952E4EB2EE1D92F0098B9C9 /* YuniQuintero-BitcoinTrackerTests */ = {
			isa = PBXFileSystemSynchronizedRootGroup;
			path = "YuniQuintero-BitcoinTrackerTests";
			sourceTree = "<group>";
		};
/* End PBXFileSystemSynchronizedRootGroup section */

/* Begin PBXFrameworksBuildPhase section */
		3952E4D82EE1D9240098B9C9 /* Frameworks */ = {
			isa = PBXFrameworksBuildPhase;
			buildActionMask = 2147483647;
			files = (
			);
			runOnlyForDeploymentPostprocessing = 0;
		};
		3952E4E52EE1D92F0098B9C9 /* Frameworks */ = {
			isa = PBXFrameworksBuildPhase;
			buildActionMask = 2147483647;
			files = (
			);
			runOnlyForDeploymentPostprocessing = 0;
		};
		3952E4EF2EE1D92F0098B9C9 /* Frameworks */ = {
			isa = PBXFrameworksBuildPhase;
			buildActionMask = 2147483647;
			files = (
			);
			runOnlyForDeploymentPostprocessing = 0;
		};
/* End PBXFrameworksBuildPhase section */

/* Begin PBXGroup section */
		3952E4D22EE1D9240098B9C9 = {
			isa = PBXGroup;
			children = (
				3952E4DD2EE1D9240098B9C9 /* YuniQuintero-BitcoinTracker */,
				3952E4EB2EE1D92F0098B9C9 /* YuniQuintero-BitcoinTrackerTests */,
				3952E4DC2EE1D9240098B9C9 /* Products */,
			);
			sourceTree = "<group>";
		};
		3952E4DC2EE1D9240098B9C9 /* Products */ = {
			isa = PBXGroup;
			children = (
				3952E4DB2EE1D9240098B9C9 /* YuniQuintero-BitcoinTracker.app */,
				3952E4E82EE1D92F0098B9C9 /* YuniQuintero-BitcoinTrackerTests.xctest */,
				3952E4F22EE1D92F0098B9C9 /* YuniQuintero-BitcoinTrackerUITests.xctest */,
			);
			name = Products;
			sourceTree = "<group>";
		};
/* End PBXGroup section */

/* Begin PBXNativeTarget section */
		3952E4DA2EE1D9240098B9C9 /* YuniQuintero-BitcoinTracker */ = {
			isa = PBXNativeTarget;
			buildConfigurationList = 3952E4FC2EE1D92F0098B9C9 /* Build configuration list for PBXNativeTarget "YuniQuintero-BitcoinTracker" */;
			buildPhases = (
				3952E4D72EE1D9240098B9C9 /* Sources */,
				3952E4D82EE1D9240098B9C9 /* Frameworks */,
				3952E4D92EE1D9240098B9C9 /* Resources */,
			);
			buildRules = (
			);
			dependencies = (
			);
			fileSystemSynchronizedGroups = (
				3952E4DD2EE1D9240098B9C9 /* YuniQuintero-BitcoinTracker */,
			);
			name = "YuniQuintero-BitcoinTracker";
			packageProductDependencies = (
			);
			productName = "YuniQuintero-BitcoinTracker";
			productReference = 3952E4DB2EE1D9240098B9C9 /* YuniQuintero-BitcoinTracker.app */;
			productType = "com.apple.product-type.application";
		};
		3952E4E72EE1D92F0098B9C9 /* YuniQuintero-BitcoinTrackerTests */ = {
			isa = PBXNativeTarget;
			buildConfigurationList = 3952E4FF2EE1D92F0098B9C9 /* Build configuration list for PBXNativeTarget "YuniQuintero-BitcoinTrackerTests" */;
			buildPhases = (
				3952E4E42EE1D92F0098B9C9 /* Sources */,
				3952E4E52EE1D92F0098B9C9 /* Frameworks */,
				3952E4E62EE1D92F0098B9C9 /* Resources */,
			);
			buildRules = (
			);
			dependencies = (
				3952E4EA2EE1D92F0098B9C9 /* PBXTargetDependency */,
			);
			fileSystemSynchronizedGroups = (
				3952E4EB2EE1D92F0098B9C9 /* YuniQuintero-BitcoinTrackerTests */,
			);
			name = "YuniQuintero-BitcoinTrackerTests";
			packageProductDependencies = (
			);
			productName = "YuniQuintero-BitcoinTrackerTests";
			productReference = 3952E4E82EE1D92F0098B9C9 /* YuniQuintero-BitcoinTrackerTests.xctest */;
			productType = "com.apple.product-type.bundle.unit-test";
		};
		3952E4F12EE1D92F0098B9C9 /* YuniQuintero-BitcoinTrackerUITests */ = {
			isa = PBXNativeTarget;
			buildConfigurationList = 3952E5022EE1D92F0098B9C9 /* Build configuration list for PBXNativeTarget "YuniQuintero-BitcoinTrackerUITests" */;
			buildPhases = (
				3952E4EE2EE1D92F0098B9C9 /* Sources */,
				3952E4EF2EE1D92F0098B9C9 /* Frameworks */,
				3952E4F02EE1D92F0098B9C9 /* Resources */,
			);
			buildRules = (
			);
			dependencies = (
				3952E4F42EE1D92F0098B9C9 /* PBXTargetDependency */,
			);
			name = "YuniQuintero-BitcoinTrackerUITests";
			packageProductDependencies = (
			);
			productName = "YuniQuintero-BitcoinTrackerUITests";
			productReference = 3952E4F22EE1D92F0098B9C9 /* YuniQuintero-BitcoinTrackerUITests.xctest */;
			productType = "com.apple.product-type.bundle.ui-testing";
		};
/* End PBXNativeTarget section */

/* Begin PBXProject section */
		3952E4D32EE1D9240098B9C9 /* Project object */ = {
			isa = PBXProject;
			attributes = {
				BuildIndependentTargetsInParallel = 1;
				LastSwiftUpdateCheck = 1640;
				LastUpgradeCheck = 1640;
				TargetAttributes = {
					3952E4DA2EE1D9240098B9C9 = {
						CreatedOnToolsVersion = 16.4;
					};
					3952E4E72EE1D92F0098B9C9 = {
						CreatedOnToolsVersion = 16.4;
						TestTargetID = 3952E4DA2EE1D9240098B9C9;
					};
					3952E4F12EE1D92F0098B9C9 = {
						CreatedOnToolsVersion = 16.4;
						TestTargetID = 3952E4DA2EE1D9240098B9C9;
					};
				};
			};
			buildConfigurationList = 3952E4D62EE1D9240098B9C9 /* Build configuration list for PBXProject "YuniQuintero-BitcoinTracker" */;
			developmentRegion = en;
			hasScannedForEncodings = 0;
			knownRegions = (
				en,
				Base,
			);
			mainGroup = 3952E4D22EE1D9240098B9C9;
			minimizedProjectReferenceProxies = 1;
			preferredProjectObjectVersion = 77;
			productRefGroup = 3952E4DC2EE1D9240098B9C9 /* Products */;
			projectDirPath = "";
			projectRoot = "";
			targets = (
				3952E4DA2EE1D9240098B9C9 /* YuniQuintero-BitcoinTracker */,
				3952E4E72EE1D92F0098B9C9 /* YuniQuintero-BitcoinTrackerTests */,
				3952E4F12EE1D92F0098B9C9 /* YuniQuintero-BitcoinTrackerUITests */,
			);
		};
/* End PBXProject section */

/* Begin PBXResourcesBuildPhase section */
		3952E4D92EE1D9240098B9C9 /* Resources */ = {
			isa = PBXResourcesBuildPhase;
			buildActionMask = 2147483647;
			files = (
			);
			runOnlyForDeploymentPostprocessing = 0;
		};
		3952E4E62EE1D92F0098B9C9 /* Resources */ = {
			isa = PBXResourcesBuildPhase;
			buildActionMask = 2147483647;
			files = (
			);
			runOnlyForDeploymentPostprocessing = 0;
		};
		3952E4F02EE1D92F0098B9C9 /* Resources */ = {
			isa = PBXResourcesBuildPhase;
			buildActionMask = 2147483647;
			files = (
			);
			runOnlyForDeploymentPostprocessing = 0;
		};
/* End PBXResourcesBuildPhase section */

/* Begin PBXSourcesBuildPhase section */
		3952E4D72EE1D9240098B9C9 /* Sources */ = {
			isa = PBXSourcesBuildPhase;
			buildActionMask = 2147483647;
			files = (
			);
			runOnlyForDeploymentPostprocessing = 0;
		};
		3952E4E42EE1D92F0098B9C9 /* Sources */ = {
			isa = PBXSourcesBuildPhase;
			buildActionMask = 2147483647;
			files = (
			);
			runOnlyForDeploymentPostprocessing = 0;
		};
		3952E4EE2EE1D92F0098B9C9 /* Sources */ = {
			isa = PBXSourcesBuildPhase;
			buildActionMask = 2147483647;
			files = (
			);
			runOnlyForDeploymentPostprocessing = 0;
		};
/* End PBXSourcesBuildPhase section */

/* Begin PBXTargetDependency section */
		3952E4EA2EE1D92F0098B9C9 /* PBXTargetDependency */ = {
			isa = PBXTargetDependency;
			target = 3952E4DA2EE1D9240098B9C9 /* YuniQuintero-BitcoinTracker */;
			targetProxy = 3952E4E92EE1D92F0098B9C9 /* PBXContainerItemProxy */;
		};
		3952E4F42EE1D92F0098B9C9 /* PBXTargetDependency */ = {
			isa = PBXTargetDependency;
			target = 3952E4DA2EE1D9240098B9C9 /* YuniQuintero-BitcoinTracker */;
			targetProxy = 3952E4F32EE1D92F0098B9C9 /* PBXContainerItemProxy */;
		};
/* End PBXTargetDependency section */

/* Begin XCBuildConfiguration section */
		3952E4FA2EE1D92F0098B9C9 /* Debug */ = {
			isa = XCBuildConfiguration;
			buildSettings = {
				ALWAYS_SEARCH_USER_PATHS = NO;
				ASSETCATALOG_COMPILER_GENERATE_SWIFT_ASSET_SYMBOL_EXTENSIONS = YES;
				CLANG_ANALYZER_NONNULL = YES;
				CLANG_ANALYZER_NUMBER_OBJECT_CONVERSION = YES_AGGRESSIVE;
				CLANG_CXX_LANGUAGE_STANDARD = "gnu++20";
				CLANG_ENABLE_MODULES = YES;
				CLANG_ENABLE_OBJC_ARC = YES;
				CLANG_ENABLE_OBJC_WEAK = YES;
				CLANG_WARN_BLOCK_CAPTURE_AUTORELEASING = YES;
				CLANG_WARN_BOOL_CONVERSION = YES;
				CLANG_WARN_COMMA = YES;
				CLANG_WARN_CONSTANT_CONVERSION = YES;
				CLANG_WARN_DEPRECATED_OBJC_IMPLEMENTATIONS = YES;
				CLANG_WARN_DIRECT_OBJC_ISA_USAGE = YES_ERROR;
				CLANG_WARN_DOCUMENTATION_COMMENTS = YES;
				CLANG_WARN_EMPTY_BODY = YES;
				CLANG_WARN_ENUM_CONVERSION = YES;
				CLANG_WARN_INFINITE_RECURSION = YES;
				CLANG_WARN_INT_CONVERSION = YES;
				CLANG_WARN_NON_LITERAL_NULL_CONVERSION = YES;
				CLANG_WARN_OBJC_IMPLICIT_RETAIN_SELF = YES;
				CLANG_WARN_OBJC_LITERAL_CONVERSION = YES;
				CLANG_WARN_OBJC_ROOT_CLASS = YES_ERROR;
				CLANG_WARN_QUOTED_INCLUDE_IN_FRAMEWORK_HEADER = YES;
				CLANG_WARN_RANGE_LOOP_ANALYSIS = YES;
				CLANG_WARN_STRICT_PROTOTYPES = YES;
				CLANG_WARN_SUSPICIOUS_MOVE = YES;
				CLANG_WARN_UNGUARDED_AVAILABILITY = YES_AGGRESSIVE;
				CLANG_WARN_UNREACHABLE_CODE = YES;
				CLANG_WARN__DUPLICATE_METHOD_MATCH = YES;
				COPY_PHASE_STRIP = NO;
				DEBUG_INFORMATION_FORMAT = dwarf;
				DEVELOPMENT_TEAM = 84MG96RACM;
				ENABLE_STRICT_OBJC_MSGSEND = YES;
				ENABLE_TESTABILITY = YES;
				ENABLE_USER_SCRIPT_SANDBOXING = YES;
				GCC_C_LANGUAGE_STANDARD = gnu17;
				GCC_DYNAMIC_NO_PIC = NO;
				GCC_NO_COMMON_BLOCKS = YES;
				GCC_OPTIMIZATION_LEVEL = 0;
				GCC_PREPROCESSOR_DEFINITIONS = (
					"DEBUG=1",
					"$(inherited)",
				);
				GCC_WARN_64_TO_32_BIT_CONVERSION = YES;
				GCC_WARN_ABOUT_RETURN_TYPE = YES_ERROR;
				GCC_WARN_UNDECLARED_SELECTOR = YES;
				GCC_WARN_UNINITIALIZED_AUTOS = YES_AGGRESSIVE;
				GCC_WARN_UNUSED_FUNCTION = YES;
				GCC_WARN_UNUSED_VARIABLE = YES;
				IPHONEOS_DEPLOYMENT_TARGET = 18.5;
				LOCALIZATION_PREFERS_STRING_CATALOGS = YES;
				MTL_ENABLE_DEBUG_INFO = INCLUDE_SOURCE;
				MTL_FAST_MATH = YES;
				ONLY_ACTIVE_ARCH = YES;
				SDKROOT = iphoneos;
				SWIFT_ACTIVE_COMPILATION_CONDITIONS = "DEBUG $(inherited)";
				SWIFT_OPTIMIZATION_LEVEL = "-Onone";
			};
			name = Debug;
		};
		3952E4FB2EE1D92F0098B9C9 /* Release */ = {
			isa = XCBuildConfiguration;
			buildSettings = {
				ALWAYS_SEARCH_USER_PATHS = NO;
				ASSETCATALOG_COMPILER_GENERATE_SWIFT_ASSET_SYMBOL_EXTENSIONS = YES;
				CLANG_ANALYZER_NONNULL = YES;
				CLANG_ANALYZER_NUMBER_OBJECT_CONVERSION = YES_AGGRESSIVE;
				CLANG_CXX_LANGUAGE_STANDARD = "gnu++20";
				CLANG_ENABLE_MODULES = YES;
				CLANG_ENABLE_OBJC_ARC = YES;
				CLANG_ENABLE_OBJC_WEAK = YES;
				CLANG_WARN_BLOCK_CAPTURE_AUTORELEASING = YES;
				CLANG_WARN_BOOL_CONVERSION = YES;
				CLANG_WARN_COMMA = YES;
				CLANG_WARN_CONSTANT_CONVERSION = YES;
				CLANG_WARN_DEPRECATED_OBJC_IMPLEMENTATIONS = YES;
				CLANG_WARN_DIRECT_OBJC_ISA_USAGE = YES_ERROR;
				CLANG_WARN_DOCUMENTATION_COMMENTS = YES;
				CLANG_WARN_EMPTY_BODY = YES;
				CLANG_WARN_ENUM_CONVERSION = YES;
				CLANG_WARN_INFINITE_RECURSION = YES;
				CLANG_WARN_INT_CONVERSION = YES;
				CLANG_WARN_NON_LITERAL_NULL_CONVERSION = YES;
				CLANG_WARN_OBJC_IMPLICIT_RETAIN_SELF = YES;
				CLANG_WARN_OBJC_LITERAL_CONVERSION = YES;
				CLANG_WARN_OBJC_ROOT_CLASS = YES_ERROR;
				CLANG_WARN_QUOTED_INCLUDE_IN_FRAMEWORK_HEADER = YES;
				CLANG_WARN_RANGE_LOOP_ANALYSIS = YES;
				CLANG_WARN_STRICT_PROTOTYPES = YES;
				CLANG_WARN_SUSPICIOUS_MOVE = YES;
				CLANG_WARN_UNGUARDED_AVAILABILITY = YES_AGGRESSIVE;
				CLANG_WARN_UNREACHABLE_CODE = YES;
				CLANG_WARN__DUPLICATE_METHOD_MATCH = YES;
				COPY_PHASE_STRIP = NO;
				DEBUG_INFORMATION_FORMAT = "dwarf-with-dsym";
				DEVELOPMENT_TEAM = 84MG96RACM;
				ENABLE_NS_ASSERTIONS = NO;
				ENABLE_STRICT_OBJC_MSGSEND = YES;
				ENABLE_USER_SCRIPT_SANDBOXING = YES;
				GCC_C_LANGUAGE_STANDARD = gnu17;
				GCC_NO_COMMON_BLOCKS = YES;
				GCC_WARN_64_TO_32_BIT_CONVERSION = YES;
				GCC_WARN_ABOUT_RETURN_TYPE = YES_ERROR;
				GCC_WARN_UNDECLARED_SELECTOR = YES;
				GCC_WARN_UNINITIALIZED_AUTOS = YES_AGGRESSIVE;
				GCC_WARN_UNUSED_FUNCTION = YES;
				GCC_WARN_UNUSED_VARIABLE = YES;
				IPHONEOS_DEPLOYMENT_TARGET = 18.5;
				LOCALIZATION_PREFERS_STRING_CATALOGS = YES;
				MTL_ENABLE_DEBUG_INFO = NO;
				MTL_FAST_MATH = YES;
				SDKROOT = iphoneos;
				SWIFT_COMPILATION_MODE = wholemodule;
				VALIDATE_PRODUCT = YES;
			};
			name = Release;
		};
		3952E4FD2EE1D92F0098B9C9 /* Debug */ = {
			isa = XCBuildConfiguration;
			buildSettings = {
				ASSETCATALOG_COMPILER_APPICON_NAME = AppIcon;
				ASSETCATALOG_COMPILER_GLOBAL_ACCENT_COLOR_NAME = AccentColor;
				CODE_SIGN_STYLE = Automatic;
				CURRENT_PROJECT_VERSION = 1;
				DEVELOPMENT_TEAM = 84MG96RACM;
				ENABLE_PREVIEWS = YES;
				GENERATE_INFOPLIST_FILE = YES;
				INFOPLIST_KEY_LSApplicationCategoryType = "public.app-category.finance";
				INFOPLIST_KEY_UIApplicationSceneManifest_Generation = YES;
				INFOPLIST_KEY_UIApplicationSupportsIndirectInputEvents = YES;
				INFOPLIST_KEY_UILaunchScreen_Generation = YES;
				INFOPLIST_KEY_UISupportedInterfaceOrientations = "UIInterfaceOrientationLandscapeLeft UIInterfaceOrientationLandscapeRight UIInterfaceOrientationPortrait";
				INFOPLIST_KEY_UISupportedInterfaceOrientations_iPad = "UIInterfaceOrientationLandscapeLeft UIInterfaceOrientationLandscapeRight UIInterfaceOrientationPortrait UIInterfaceOrientationPortraitUpsideDown";
				IPHONEOS_DEPLOYMENT_TARGET = 15.6;
				LD_RUNPATH_SEARCH_PATHS = (
					"$(inherited)",
					"@executable_path/Frameworks",
				);
				MARKETING_VERSION = 1.0;
				PRODUCT_BUNDLE_IDENTIFIER = "yuni.YuniQuintero-BitcoinTracker";
				PRODUCT_NAME = "$(TARGET_NAME)";
				SWIFT_EMIT_LOC_STRINGS = YES;
				SWIFT_VERSION = 5.0;
				TARGETED_DEVICE_FAMILY = "1,2";
			};
			name = Debug;
		};
		3952E4FE2EE1D92F0098B9C9 /* Release */ = {
			isa = XCBuildConfiguration;
			buildSettings = {
				ASSETCATALOG_COMPILER_APPICON_NAME = AppIcon;
				ASSETCATALOG_COMPILER_GLOBAL_ACCENT_COLOR_NAME = AccentColor;
				CODE_SIGN_STYLE = Automatic;
				CURRENT_PROJECT_VERSION = 1;
				DEVELOPMENT_TEAM = 84MG96RACM;
				ENABLE_PREVIEWS = YES;
				GENERATE_INFOPLIST_FILE = YES;
				INFOPLIST_KEY_LSApplicationCategoryType = "public.app-category.finance";
				INFOPLIST_KEY_UIApplicationSceneManifest_Generation = YES;
				INFOPLIST_KEY_UIApplicationSupportsIndirectInputEvents = YES;
				INFOPLIST_KEY_UILaunchScreen_Generation = YES;
				INFOPLIST_KEY_UISupportedInterfaceOrientations = "UIInterfaceOrientationLandscapeLeft UIInterfaceOrientationLandscapeRight UIInterfaceOrientationPortrait";
				INFOPLIST_KEY_UISupportedInterfaceOrientations_iPad = "UIInterfaceOrientationLandscapeLeft UIInterfaceOrientationLandscapeRight UIInterfaceOrientationPortrait UIInterfaceOrientationPortraitUpsideDown";
				IPHONEOS_DEPLOYMENT_TARGET = 15.6;
				LD_RUNPATH_SEARCH_PATHS = (
					"$(inherited)",
					"@executable_path/Frameworks",
				);
				MARKETING_VERSION = 1.0;
				PRODUCT_BUNDLE_IDENTIFIER = "yuni.YuniQuintero-BitcoinTracker";
				PRODUCT_NAME = "$(TARGET_NAME)";
				SWIFT_EMIT_LOC_STRINGS = YES;
				SWIFT_VERSION = 5.0;
				TARGETED_DEVICE_FAMILY = "1,2";
			};
			name = Release;
		};
		3952E5002EE1D92F0098B9C9 /* Debug */ = {
			isa = XCBuildConfiguration;
			buildSettings = {
				BUNDLE_LOADER = "$(TEST_HOST)";
				CODE_SIGN_STYLE = Automatic;
				CURRENT_PROJECT_VERSION = 1;
				DEVELOPMENT_TEAM = 84MG96RACM;
				GENERATE_INFOPLIST_FILE = YES;
				IPHONEOS_DEPLOYMENT_TARGET = 15.6;
				MARKETING_VERSION = 1.0;
				PRODUCT_BUNDLE_IDENTIFIER = "yuni.YuniQuintero-BitcoinTrackerTests";
				PRODUCT_NAME = "$(TARGET_NAME)";
				SWIFT_EMIT_LOC_STRINGS = NO;
				SWIFT_VERSION = 5.0;
				TARGETED_DEVICE_FAMILY = "1,2";
				TEST_HOST = "$(BUILT_PRODUCTS_DIR)/YuniQuintero-BitcoinTracker.app/$(BUNDLE_EXECUTABLE_FOLDER_PATH)/YuniQuintero-BitcoinTracker";
			};
			name = Debug;
		};
		3952E5012EE1D92F0098B9C9 /* Release */ = {
			isa = XCBuildConfiguration;
			buildSettings = {
				BUNDLE_LOADER = "$(TEST_HOST)";
				CODE_SIGN_STYLE = Automatic;
				CURRENT_PROJECT_VERSION = 1;
				DEVELOPMENT_TEAM = 84MG96RACM;
				GENERATE_INFOPLIST_FILE = YES;
				IPHONEOS_DEPLOYMENT_TARGET = 15.6;
				MARKETING_VERSION = 1.0;
				PRODUCT_BUNDLE_IDENTIFIER = "yuni.YuniQuintero-BitcoinTrackerTests";
				PRODUCT_NAME = "$(TARGET_NAME)";
				SWIFT_EMIT_LOC_STRINGS = NO;
				SWIFT_VERSION = 5.0;
				TARGETED_DEVICE_FAMILY = "1,2";
				TEST_HOST = "$(BUILT_PRODUCTS_DIR)/YuniQuintero-BitcoinTracker.app/$(BUNDLE_EXECUTABLE_FOLDER_PATH)/YuniQuintero-BitcoinTracker";
			};
			name = Release;
		};
		3952E5032EE1D92F0098B9C9 /* Debug */ = {
			isa = XCBuildConfiguration;
			buildSettings = {
				CODE_SIGN_STYLE = Automatic;
				CURRENT_PROJECT_VERSION = 1;
				DEVELOPMENT_TEAM = 84MG96RACM;
				GENERATE_INFOPLIST_FILE = YES;
				IPHONEOS_DEPLOYMENT_TARGET = 15.6;
				MARKETING_VERSION = 1.0;
				PRODUCT_BUNDLE_IDENTIFIER = "yuni.YuniQuintero-BitcoinTrackerUITests";
				PRODUCT_NAME = "$(TARGET_NAME)";
				SWIFT_EMIT_LOC_STRINGS = NO;
				SWIFT_VERSION = 5.0;
				TARGETED_DEVICE_FAMILY = "1,2";
				TEST_TARGET_NAME = "YuniQuintero-BitcoinTracker";
			};
			name = Debug;
		};
		3952E5042EE1D92F0098B9C9 /* Release */ = {
			isa = XCBuildConfiguration;
			buildSettings = {
				CODE_SIGN_STYLE = Automatic;
				CURRENT_PROJECT_VERSION = 1;
				DEVELOPMENT_TEAM = 84MG96RACM;
				GENERATE_INFOPLIST_FILE = YES;
				IPHONEOS_DEPLOYMENT_TARGET = 15.6;
				MARKETING_VERSION = 1.0;
				PRODUCT_BUNDLE_IDENTIFIER = "yuni.YuniQuintero-BitcoinTrackerUITests";
				PRODUCT_NAME = "$(TARGET_NAME)";
				SWIFT_EMIT_LOC_STRINGS = NO;
				SWIFT_VERSION = 5.0;
				TARGETED_DEVICE_FAMILY = "1,2";
				TEST_TARGET_NAME = "YuniQuintero-BitcoinTracker";
			};
			name = Release;
		};
/* End XCBuildConfiguration section */

/* Begin XCConfigurationList section */
		3952E4D62EE1D9240098B9C9 /* Build configuration list for PBXProject "YuniQuintero-BitcoinTracker" */ = {
			isa = XCConfigurationList;
			buildConfigurations = (
				3952E4FA2EE1D92F0098B9C9 /* Debug */,
				3952E4FB2EE1D92F0098B9C9 /* Release */,
			);
			defaultConfigurationIsVisible = 0;
			defaultConfigurationName = Release;
		};
		3952E4FC2EE1D92F0098B9C9 /* Build configuration list for PBXNativeTarget "YuniQuintero-BitcoinTracker" */ = {
			isa = XCConfigurationList;
			buildConfigurations = (
				3952E4FD2EE1D92F0098B9C9 /* Debug */,
				3952E4FE2EE1D92F0098B9C9 /* Release */,
			);
			defaultConfigurationIsVisible = 0;
			defaultConfigurationName = Release;
		};
		3952E4FF2EE1D92F0098B9C9 /* Build configuration list for PBXNativeTarget "YuniQuintero-BitcoinTrackerTests" */ = {
			isa = XCConfigurationList;
			buildConfigurations = (
				3952E5002EE1D92F0098B9C9 /* Debug */,
				3952E5012EE1D92F0098B9C9 /* Release */,
			);
			defaultConfigurationIsVisible = 0;
			defaultConfigurationName = Release;
		};
		3952E5022EE1D92F0098B9C9 /* Build configuration list for PBXNativeTarget "YuniQuintero-BitcoinTrackerUITests" */ = {
			isa = XCConfigurationList;
			buildConfigurations = (
				3952E5032EE1D92F0098B9C9 /* Debug */,
				3952E5042EE1D92F0098B9C9 /* Release */,
			);
			defaultConfigurationIsVisible = 0;
			defaultConfigurationName = Release;
		};
/* End XCConfigurationList section */
	};
	rootObject = 3952E4D32EE1D9240098B9C9 /* Project object */;
}
